PODS:
  - Alamofire (4.9.1)
  - Kingfisher (5.14.1):
    - Kingfisher/Core (= 5.14.1)
  - Kingfisher/Core (5.14.1)
  - SwiftLint (0.39.2)

DEPENDENCIES:
  - Alamofire (~> 4.0)
  - Kingfisher (~> 5.0)
  - SwiftLint

SPEC REPOS:
  trunk:
    - Alamofire
    - Kingfisher
    - SwiftLint

SPEC CHECKSUMS:
  Alamofire: 85e8a02c69d6020a0d734f6054870d7ecb75cf18
  Kingfisher: 8050bc6f7f68cbf3908bd04df7ccbac188f6d6d6
  SwiftLint: 22ccbbe3b8008684be5955693bab135e0ed6a447

PODFILE CHECKSUM: 8f83311596edaa72a557d81bd7326266fe137ca8

COCOAPODS: 1.9.0
